// !$*UTF8*$!
{
	archiveVersion = 1;
	classes = {
	};
	objectVersion = 50;
	objects = {

/* Begin PBXBuildFile section */
		3D0B12552113663200AB48E6 /* AppDelegate.swift in Sources */ = {isa = PBXBuildFile; fileRef = 3D0B12542113663200AB48E6 /* AppDelegate.swift */; };
		3D0B125A2113663200AB48E6 /* Main.storyboard in Resources */ = {isa = PBXBuildFile; fileRef = 3D0B12582113663200AB48E6 /* Main.storyboard */; };
		3D0B125D2113663200AB48E6 /* Movie.xcdatamodeld in Sources */ = {isa = PBXBuildFile; fileRef = 3D0B125B2113663200AB48E6 /* Movie.xcdatamodeld */; };
		3D0B125F2113663300AB48E6 /* Assets.xcassets in Resources */ = {isa = PBXBuildFile; fileRef = 3D0B125E2113663300AB48E6 /* Assets.xcassets */; };
		3D0B12622113663300AB48E6 /* LaunchScreen.storyboard in Resources */ = {isa = PBXBuildFile; fileRef = 3D0B12602113663300AB48E6 /* LaunchScreen.storyboard */; };
		3D0B126F2113686000AB48E6 /* movies.json in Resources */ = {isa = PBXBuildFile; fileRef = 3D0B126C2113686000AB48E6 /* movies.json */; };
		3D0B12702113686000AB48E6 /* UserRating.swift in Sources */ = {isa = PBXBuildFile; fileRef = 3D0B126D2113686000AB48E6 /* UserRating.swift */; };
		3D0B127221141E0900AB48E6 /* CoreDataStack.swift in Sources */ = {isa = PBXBuildFile; fileRef = 3D0B127121141E0900AB48E6 /* CoreDataStack.swift */; };
		3D0B127521141FA900AB48E6 /* Movie+CoreDataClass.swift in Sources */ = {isa = PBXBuildFile; fileRef = 3D0B127321141FA900AB48E6 /* Movie+CoreDataClass.swift */; };
		3D0B127621141FA900AB48E6 /* Movie+CoreDataProperties.swift in Sources */ = {isa = PBXBuildFile; fileRef = 3D0B127421141FA900AB48E6 /* Movie+CoreDataProperties.swift */; };
		3D5560262118B72400CEF1A4 /* madmax.png in Resources */ = {isa = PBXBuildFile; fileRef = 3D5560162118B72300CEF1A4 /* madmax.png */; };
		3D5560272118B72400CEF1A4 /* batman.png in Resources */ = {isa = PBXBuildFile; fileRef = 3D5560172118B72300CEF1A4 /* batman.png */; };
		3D5560282118B72400CEF1A4 /* xmen.png in Resources */ = {isa = PBXBuildFile; fileRef = 3D5560182118B72300CEF1A4 /* xmen.png */; };
		3D5560292118B72400CEF1A4 /* transformer.png in Resources */ = {isa = PBXBuildFile; fileRef = 3D5560192118B72300CEF1A4 /* transformer.png */; };
		3D55602A2118B72400CEF1A4 /* jurassic.png in Resources */ = {isa = PBXBuildFile; fileRef = 3D55601A2118B72300CEF1A4 /* jurassic.png */; };
		3D55602B2118B72400CEF1A4 /* lordoftherings.png in Resources */ = {isa = PBXBuildFile; fileRef = 3D55601B2118B72300CEF1A4 /* lordoftherings.png */; };
		3D55602C2118B72400CEF1A4 /* ultimatepixar.png in Resources */ = {isa = PBXBuildFile; fileRef = 3D55601C2118B72300CEF1A4 /* ultimatepixar.png */; };
		3D55602D2118B72400CEF1A4 /* pirates.png in Resources */ = {isa = PBXBuildFile; fileRef = 3D55601D2118B72400CEF1A4 /* pirates.png */; };
		3D55602E2118B72400CEF1A4 /* starwars.png in Resources */ = {isa = PBXBuildFile; fileRef = 3D55601E2118B72400CEF1A4 /* starwars.png */; };
		3D55602F2118B72400CEF1A4 /* ted2.png in Resources */ = {isa = PBXBuildFile; fileRef = 3D55601F2118B72400CEF1A4 /* ted2.png */; };
		3D5560302118B72400CEF1A4 /* harrypotter.png in Resources */ = {isa = PBXBuildFile; fileRef = 3D5560202118B72400CEF1A4 /* harrypotter.png */; };
		3D5560312118B72400CEF1A4 /* terminator.png in Resources */ = {isa = PBXBuildFile; fileRef = 3D5560212118B72400CEF1A4 /* terminator.png */; };
		3D5560322118B72400CEF1A4 /* pixar.png in Resources */ = {isa = PBXBuildFile; fileRef = 3D5560222118B72400CEF1A4 /* pixar.png */; };
		3D5560332118B72400CEF1A4 /* blackstar.png in Resources */ = {isa = PBXBuildFile; fileRef = 3D5560232118B72400CEF1A4 /* blackstar.png */; };
		3D5560342118B72400CEF1A4 /* startrek.png in Resources */ = {isa = PBXBuildFile; fileRef = 3D5560242118B72400CEF1A4 /* startrek.png */; };
		3D5560352118B72400CEF1A4 /* yellowstar.png in Resources */ = {isa = PBXBuildFile; fileRef = 3D5560252118B72400CEF1A4 /* yellowstar.png */; };
		3D9F2C66211639E7006EFBD7 /* MovieService.swift in Sources */ = {isa = PBXBuildFile; fileRef = 3D9F2C65211639E7006EFBD7 /* MovieService.swift */; };
		3D9F2C682116B391006EFBD7 /* MovieTableViewController.swift in Sources */ = {isa = PBXBuildFile; fileRef = 3D9F2C672116B391006EFBD7 /* MovieTableViewController.swift */; };
		3D9F2C6A2116B3C0006EFBD7 /* MovieTableViewCell.swift in Sources */ = {isa = PBXBuildFile; fileRef = 3D9F2C692116B3C0006EFBD7 /* MovieTableViewCell.swift */; };
/* End PBXBuildFile section */

/* Begin PBXFileReference section */
		3D0B12512113663200AB48E6 /* Movie.app */ = {isa = PBXFileReference; explicitFileType = wrapper.application; includeInIndex = 0; path = Movie.app; sourceTree = BUILT_PRODUCTS_DIR; };
		3D0B12542113663200AB48E6 /* AppDelegate.swift */ = {isa = PBXFileReference; lastKnownFileType = sourcecode.swift; path = AppDelegate.swift; sourceTree = "<group>"; };
		3D0B12592113663200AB48E6 /* Base */ = {isa = PBXFileReference; lastKnownFileType = file.storyboard; name = Base; path = Base.lproj/Main.storyboard; sourceTree = "<group>"; };
		3D0B125C2113663200AB48E6 /* Movie.xcdatamodel */ = {isa = PBXFileReference; lastKnownFileType = wrapper.xcdatamodel; path = Movie.xcdatamodel; sourceTree = "<group>"; };
		3D0B125E2113663300AB48E6 /* Assets.xcassets */ = {isa = PBXFileReference; lastKnownFileType = folder.assetcatalog; path = Assets.xcassets; sourceTree = "<group>"; };
		3D0B12612113663300AB48E6 /* Base */ = {isa = PBXFileReference; lastKnownFileType = file.storyboard; name = Base; path = Base.lproj/LaunchScreen.storyboard; sourceTree = "<group>"; };
		3D0B12632113663300AB48E6 /* Info.plist */ = {isa = PBXFileReference; lastKnownFileType = text.plist.xml; path = Info.plist; sourceTree = "<group>"; };
		3D0B126C2113686000AB48E6 /* movies.json */ = {isa = PBXFileReference; fileEncoding = 4; lastKnownFileType = text.json; path = movies.json; sourceTree = "<group>"; };
		3D0B126D2113686000AB48E6 /* UserRating.swift */ = {isa = PBXFileReference; fileEncoding = 4; lastKnownFileType = sourcecode.swift; path = UserRating.swift; sourceTree = "<group>"; };
		3D0B127121141E0900AB48E6 /* CoreDataStack.swift */ = {isa = PBXFileReference; fileEncoding = 4; lastKnownFileType = sourcecode.swift; path = CoreDataStack.swift; sourceTree = "<group>"; };
		3D0B127321141FA900AB48E6 /* Movie+CoreDataClass.swift */ = {isa = PBXFileReference; lastKnownFileType = sourcecode.swift; path = "Movie+CoreDataClass.swift"; sourceTree = "<group>"; };
		3D0B127421141FA900AB48E6 /* Movie+CoreDataProperties.swift */ = {isa = PBXFileReference; lastKnownFileType = sourcecode.swift; path = "Movie+CoreDataProperties.swift"; sourceTree = "<group>"; };
		3D5560162118B72300CEF1A4 /* madmax.png */ = {isa = PBXFileReference; lastKnownFileType = image.png; path = madmax.png; sourceTree = "<group>"; };
		3D5560172118B72300CEF1A4 /* batman.png */ = {isa = PBXFileReference; lastKnownFileType = image.png; path = batman.png; sourceTree = "<group>"; };
		3D5560182118B72300CEF1A4 /* xmen.png */ = {isa = PBXFileReference; lastKnownFileType = image.png; path = xmen.png; sourceTree = "<group>"; };
		3D5560192118B72300CEF1A4 /* transformer.png */ = {isa = PBXFileReference; lastKnownFileType = image.png; path = transformer.png; sourceTree = "<group>"; };
		3D55601A2118B72300CEF1A4 /* jurassic.png */ = {isa = PBXFileReference; lastKnownFileType = image.png; path = jurassic.png; sourceTree = "<group>"; };
		3D55601B2118B72300CEF1A4 /* lordoftherings.png */ = {isa = PBXFileReference; lastKnownFileType = image.png; path = lordoftherings.png; sourceTree = "<group>"; };
		3D55601C2118B72300CEF1A4 /* ultimatepixar.png */ = {isa = PBXFileReference; lastKnownFileType = image.png; path = ultimatepixar.png; sourceTree = "<group>"; };
		3D55601D2118B72400CEF1A4 /* pirates.png */ = {isa = PBXFileReference; lastKnownFileType = image.png; path = pirates.png; sourceTree = "<group>"; };
		3D55601E2118B72400CEF1A4 /* starwars.png */ = {isa = PBXFileReference; lastKnownFileType = image.png; path = starwars.png; sourceTree = "<group>"; };
		3D55601F2118B72400CEF1A4 /* ted2.png */ = {isa = PBXFileReference; lastKnownFileType = image.png; path = ted2.png; sourceTree = "<group>"; };
		3D5560202118B72400CEF1A4 /* harrypotter.png */ = {isa = PBXFileReference; lastKnownFileType = image.png; path = harrypotter.png; sourceTree = "<group>"; };
		3D5560212118B72400CEF1A4 /* terminator.png */ = {isa = PBXFileReference; lastKnownFileType = image.png; path = terminator.png; sourceTree = "<group>"; };
		3D5560222118B72400CEF1A4 /* pixar.png */ = {isa = PBXFileReference; lastKnownFileType = image.png; path = pixar.png; sourceTree = "<group>"; };
		3D5560232118B72400CEF1A4 /* blackstar.png */ = {isa = PBXFileReference; lastKnownFileType = image.png; path = blackstar.png; sourceTree = "<group>"; };
		3D5560242118B72400CEF1A4 /* startrek.png */ = {isa = PBXFileReference; lastKnownFileType = image.png; path = startrek.png; sourceTree = "<group>"; };
		3D5560252118B72400CEF1A4 /* yellowstar.png */ = {isa = PBXFileReference; lastKnownFileType = image.png; path = yellowstar.png; sourceTree = "<group>"; };
		3D9F2C65211639E7006EFBD7 /* MovieService.swift */ = {isa = PBXFileReference; lastKnownFileType = sourcecode.swift; path = MovieService.swift; sourceTree = "<group>"; };
		3D9F2C672116B391006EFBD7 /* MovieTableViewController.swift */ = {isa = PBXFileReference; lastKnownFileType = sourcecode.swift; path = MovieTableViewController.swift; sourceTree = "<group>"; };
		3D9F2C692116B3C0006EFBD7 /* MovieTableViewCell.swift */ = {isa = PBXFileReference; lastKnownFileType = sourcecode.swift; path = MovieTableViewCell.swift; sourceTree = "<group>"; };
/* End PBXFileReference section */

/* Begin PBXFrameworksBuildPhase section */
		3D0B124E2113663200AB48E6 /* Frameworks */ = {
			isa = PBXFrameworksBuildPhase;
			buildActionMask = 2147483647;
			files = (
			);
			runOnlyForDeploymentPostprocessing = 0;
		};
/* End PBXFrameworksBuildPhase section */

/* Begin PBXGroup section */
		3D0B12482113663200AB48E6 = {
			isa = PBXGroup;
			children = (
				3D0B12532113663200AB48E6 /* Movie */,
				3D0B12522113663200AB48E6 /* Products */,
			);
			sourceTree = "<group>";
		};
		3D0B12522113663200AB48E6 /* Products */ = {
			isa = PBXGroup;
			children = (
				3D0B12512113663200AB48E6 /* Movie.app */,
			);
			name = Products;
			sourceTree = "<group>";
		};
		3D0B12532113663200AB48E6 /* Movie */ = {
			isa = PBXGroup;
			children = (
				3D0B12692113665E00AB48E6 /* Model */,
				3D9F2C6B2116B3DD006EFBD7 /* View */,
				3D9F2C6C2116B3E9006EFBD7 /* Controller */,
				3DEC602F2118B06200AE212B /* Service */,
				3D0B126A2113668B00AB48E6 /* Supporting Files */,
			);
			path = Movie;
			sourceTree = "<group>";
		};
		3D0B12692113665E00AB48E6 /* Model */ = {
			isa = PBXGroup;
			children = (
				3D0B127321141FA900AB48E6 /* Movie+CoreDataClass.swift */,
				3D0B127421141FA900AB48E6 /* Movie+CoreDataProperties.swift */,
				3D0B125B2113663200AB48E6 /* Movie.xcdatamodeld */,
				3D0B127121141E0900AB48E6 /* CoreDataStack.swift */,
			);
			path = Model;
			sourceTree = "<group>";
		};
		3D0B126A2113668B00AB48E6 /* Supporting Files */ = {
			isa = PBXGroup;
			children = (
				3D4CDB1D2118B190001D3633 /* Images */,
				3D0B12542113663200AB48E6 /* AppDelegate.swift */,
				3D0B125E2113663300AB48E6 /* Assets.xcassets */,
				3D0B12602113663300AB48E6 /* LaunchScreen.storyboard */,
				3D0B12632113663300AB48E6 /* Info.plist */,
				3D0B126C2113686000AB48E6 /* movies.json */,
				3D0B126D2113686000AB48E6 /* UserRating.swift */,
			);
			path = "Supporting Files";
			sourceTree = "<group>";
		};
		3D4CDB1D2118B190001D3633 /* Images */ = {
			isa = PBXGroup;
			children = (
				3D5560172118B72300CEF1A4 /* batman.png */,
				3D5560232118B72400CEF1A4 /* blackstar.png */,
				3D5560202118B72400CEF1A4 /* harrypotter.png */,
				3D55601A2118B72300CEF1A4 /* jurassic.png */,
				3D55601B2118B72300CEF1A4 /* lordoftherings.png */,
				3D5560162118B72300CEF1A4 /* madmax.png */,
				3D55601D2118B72400CEF1A4 /* pirates.png */,
				3D5560222118B72400CEF1A4 /* pixar.png */,
				3D5560242118B72400CEF1A4 /* startrek.png */,
				3D55601E2118B72400CEF1A4 /* starwars.png */,
				3D55601F2118B72400CEF1A4 /* ted2.png */,
				3D5560212118B72400CEF1A4 /* terminator.png */,
				3D5560192118B72300CEF1A4 /* transformer.png */,
				3D55601C2118B72300CEF1A4 /* ultimatepixar.png */,
				3D5560182118B72300CEF1A4 /* xmen.png */,
				3D5560252118B72400CEF1A4 /* yellowstar.png */,
			);
			path = Images;
			sourceTree = "<group>";
		};
		3D9F2C6B2116B3DD006EFBD7 /* View */ = {
			isa = PBXGroup;
			children = (
				3D0B12582113663200AB48E6 /* Main.storyboard */,
				3D9F2C692116B3C0006EFBD7 /* MovieTableViewCell.swift */,
			);
			path = View;
			sourceTree = "<group>";
		};
		3D9F2C6C2116B3E9006EFBD7 /* Controller */ = {
			isa = PBXGroup;
			children = (
				3D9F2C672116B391006EFBD7 /* MovieTableViewController.swift */,
			);
			path = Controller;
			sourceTree = "<group>";
		};
		3DEC602F2118B06200AE212B /* Service */ = {
			isa = PBXGroup;
			children = (
				3D9F2C65211639E7006EFBD7 /* MovieService.swift */,
			);
			path = Service;
			sourceTree = "<group>";
		};
/* End PBXGroup section */

/* Begin PBXNativeTarget section */
		3D0B12502113663200AB48E6 /* Movie */ = {
			isa = PBXNativeTarget;
			buildConfigurationList = 3D0B12662113663300AB48E6 /* Build configuration list for PBXNativeTarget "Movie" */;
			buildPhases = (
				3D0B124D2113663200AB48E6 /* Sources */,
				3D0B124E2113663200AB48E6 /* Frameworks */,
				3D0B124F2113663200AB48E6 /* Resources */,
			);
			buildRules = (
			);
			dependencies = (
			);
			name = Movie;
			productName = Movie;
			productReference = 3D0B12512113663200AB48E6 /* Movie.app */;
			productType = "com.apple.product-type.application";
		};
/* End PBXNativeTarget section */

/* Begin PBXProject section */
		3D0B12492113663200AB48E6 /* Project object */ = {
			isa = PBXProject;
			attributes = {
				LastSwiftUpdateCheck = 1000;
				LastUpgradeCheck = 1000;
				ORGANIZATIONNAME = "Apps KC";
				TargetAttributes = {
					3D0B12502113663200AB48E6 = {
						CreatedOnToolsVersion = 10.0;
					};
				};
			};
			buildConfigurationList = 3D0B124C2113663200AB48E6 /* Build configuration list for PBXProject "Movie" */;
			compatibilityVersion = "Xcode 9.3";
			developmentRegion = en;
			hasScannedForEncodings = 0;
			knownRegions = (
				en,
				Base,
			);
			mainGroup = 3D0B12482113663200AB48E6;
			productRefGroup = 3D0B12522113663200AB48E6 /* Products */;
			projectDirPath = "";
			projectRoot = "";
			targets = (
				3D0B12502113663200AB48E6 /* Movie */,
			);
		};
/* End PBXProject section */

/* Begin PBXResourcesBuildPhase section */
		3D0B124F2113663200AB48E6 /* Resources */ = {
			isa = PBXResourcesBuildPhase;
			buildActionMask = 2147483647;
			files = (
				3D0B12622113663300AB48E6 /* LaunchScreen.storyboard in Resources */,
				3D5560262118B72400CEF1A4 /* madmax.png in Resources */,
				3D55602F2118B72400CEF1A4 /* ted2.png in Resources */,
				3D5560332118B72400CEF1A4 /* blackstar.png in Resources */,
				3D5560272118B72400CEF1A4 /* batman.png in Resources */,
				3D55602B2118B72400CEF1A4 /* lordoftherings.png in Resources */,
				3D0B126F2113686000AB48E6 /* movies.json in Resources */,
				3D5560312118B72400CEF1A4 /* terminator.png in Resources */,
				3D5560322118B72400CEF1A4 /* pixar.png in Resources */,
				3D0B125F2113663300AB48E6 /* Assets.xcassets in Resources */,
				3D55602D2118B72400CEF1A4 /* pirates.png in Resources */,
				3D5560302118B72400CEF1A4 /* harrypotter.png in Resources */,
				3D5560292118B72400CEF1A4 /* transformer.png in Resources */,
				3D0B125A2113663200AB48E6 /* Main.storyboard in Resources */,
				3D5560342118B72400CEF1A4 /* startrek.png in Resources */,
				3D5560352118B72400CEF1A4 /* yellowstar.png in Resources */,
				3D5560282118B72400CEF1A4 /* xmen.png in Resources */,
				3D55602E2118B72400CEF1A4 /* starwars.png in Resources */,
				3D55602C2118B72400CEF1A4 /* ultimatepixar.png in Resources */,
				3D55602A2118B72400CEF1A4 /* jurassic.png in Resources */,
			);
			runOnlyForDeploymentPostprocessing = 0;
		};
/* End PBXResourcesBuildPhase section */

/* Begin PBXSourcesBuildPhase section */
		3D0B124D2113663200AB48E6 /* Sources */ = {
			isa = PBXSourcesBuildPhase;
			buildActionMask = 2147483647;
			files = (
				3D9F2C682116B391006EFBD7 /* MovieTableViewController.swift in Sources */,
				3D0B12702113686000AB48E6 /* UserRating.swift in Sources */,
				3D9F2C6A2116B3C0006EFBD7 /* MovieTableViewCell.swift in Sources */,
				3D0B125D2113663200AB48E6 /* Movie.xcdatamodeld in Sources */,
				3D0B12552113663200AB48E6 /* AppDelegate.swift in Sources */,
				3D0B127521141FA900AB48E6 /* Movie+CoreDataClass.swift in Sources */,
				3D0B127621141FA900AB48E6 /* Movie+CoreDataProperties.swift in Sources */,
				3D0B127221141E0900AB48E6 /* CoreDataStack.swift in Sources */,
				3D9F2C66211639E7006EFBD7 /* MovieService.swift in Sources */,
			);
			runOnlyForDeploymentPostprocessing = 0;
		};
/* End PBXSourcesBuildPhase section */

/* Begin PBXVariantGroup section */
		3D0B12582113663200AB48E6 /* Main.storyboard */ = {
			isa = PBXVariantGroup;
			children = (
				3D0B12592113663200AB48E6 /* Base */,
			);
			name = Main.storyboard;
			sourceTree = "<group>";
		};
		3D0B12602113663300AB48E6 /* LaunchScreen.storyboard */ = {
			isa = PBXVariantGroup;
			children = (
				3D0B12612113663300AB48E6 /* Base */,
			);
			name = LaunchScreen.storyboard;
			sourceTree = "<group>";
		};
/* End PBXVariantGroup section */

/* Begin XCBuildConfiguration section */
		3D0B12642113663300AB48E6 /* Debug */ = {
			isa = XCBuildConfiguration;
			buildSettings = {
				ALWAYS_SEARCH_USER_PATHS = NO;
				CLANG_ANALYZER_NONNULL = YES;
				CLANG_ANALYZER_NUMBER_OBJECT_CONVERSION = YES_AGGRESSIVE;
				CLANG_CXX_LANGUAGE_STANDARD = "gnu++14";
				CLANG_CXX_LIBRARY = "libc++";
				CLANG_ENABLE_MODULES = YES;
				CLANG_ENABLE_OBJC_ARC = YES;
				CLANG_ENABLE_OBJC_WEAK = YES;
				CLANG_WARN_BLOCK_CAPTURE_AUTORELEASING = YES;
				CLANG_WARN_BOOL_CONVERSION = YES;
				CLANG_WARN_COMMA = YES;
				CLANG_WARN_CONSTANT_CONVERSION = YES;
				CLANG_WARN_DEPRECATED_OBJC_IMPLEMENTATIONS = YES;
				CLANG_WARN_DIRECT_OBJC_ISA_USAGE = YES_ERROR;
				CLANG_WARN_DOCUMENTATION_COMMENTS = YES;
				CLANG_WARN_EMPTY_BODY = YES;
				CLANG_WARN_ENUM_CONVERSION = YES;
				CLANG_WARN_INFINITE_RECURSION = YES;
				CLANG_WARN_INT_CONVERSION = YES;
				CLANG_WARN_NON_LITERAL_NULL_CONVERSION = YES;
				CLANG_WARN_OBJC_IMPLICIT_RETAIN_SELF = YES;
				CLANG_WARN_OBJC_LITERAL_CONVERSION = YES;
				CLANG_WARN_OBJC_ROOT_CLASS = YES_ERROR;
				CLANG_WARN_RANGE_LOOP_ANALYSIS = YES;
				CLANG_WARN_STRICT_PROTOTYPES = YES;
				CLANG_WARN_SUSPICIOUS_MOVE = YES;
				CLANG_WARN_UNGUARDED_AVAILABILITY = YES_AGGRESSIVE;
				CLANG_WARN_UNREACHABLE_CODE = YES;
				CLANG_WARN__DUPLICATE_METHOD_MATCH = YES;
				CODE_SIGN_IDENTITY = "iPhone Developer";
				COPY_PHASE_STRIP = NO;
				DEBUG_INFORMATION_FORMAT = dwarf;
				ENABLE_STRICT_OBJC_MSGSEND = YES;
				ENABLE_TESTABILITY = YES;
				GCC_C_LANGUAGE_STANDARD = gnu11;
				GCC_DYNAMIC_NO_PIC = NO;
				GCC_NO_COMMON_BLOCKS = YES;
				GCC_OPTIMIZATION_LEVEL = 0;
				GCC_PREPROCESSOR_DEFINITIONS = (
					"DEBUG=1",
					"$(inherited)",
				);
				GCC_WARN_64_TO_32_BIT_CONVERSION = YES;
				GCC_WARN_ABOUT_RETURN_TYPE = YES_ERROR;
				GCC_WARN_UNDECLARED_SELECTOR = YES;
				GCC_WARN_UNINITIALIZED_AUTOS = YES_AGGRESSIVE;
				GCC_WARN_UNUSED_FUNCTION = YES;
				GCC_WARN_UNUSED_VARIABLE = YES;
				IPHONEOS_DEPLOYMENT_TARGET = 11.4;
				MTL_ENABLE_DEBUG_INFO = INCLUDE_SOURCE;
				MTL_FAST_MATH = YES;
				ONLY_ACTIVE_ARCH = YES;
				SDKROOT = iphoneos;
				SWIFT_ACTIVE_COMPILATION_CONDITIONS = DEBUG;
				SWIFT_OPTIMIZATION_LEVEL = "-Onone";
			};
			name = Debug;
		};
		3D0B12652113663300AB48E6 /* Release */ = {
			isa = XCBuildConfiguration;
			buildSettings = {
				ALWAYS_SEARCH_USER_PATHS = NO;
				CLANG_ANALYZER_NONNULL = YES;
				CLANG_ANALYZER_NUMBER_OBJECT_CONVERSION = YES_AGGRESSIVE;
				CLANG_CXX_LANGUAGE_STANDARD = "gnu++14";
				CLANG_CXX_LIBRARY = "libc++";
				CLANG_ENABLE_MODULES = YES;
				CLANG_ENABLE_OBJC_ARC = YES;
				CLANG_ENABLE_OBJC_WEAK = YES;
				CLANG_WARN_BLOCK_CAPTURE_AUTORELEASING = YES;
				CLANG_WARN_BOOL_CONVERSION = YES;
				CLANG_WARN_COMMA = YES;
				CLANG_WARN_CONSTANT_CONVERSION = YES;
				CLANG_WARN_DEPRECATED_OBJC_IMPLEMENTATIONS = YES;
				CLANG_WARN_DIRECT_OBJC_ISA_USAGE = YES_ERROR;
				CLANG_WARN_DOCUMENTATION_COMMENTS = YES;
				CLANG_WARN_EMPTY_BODY = YES;
				CLANG_WARN_ENUM_CONVERSION = YES;
				CLANG_WARN_INFINITE_RECURSION = YES;
				CLANG_WARN_INT_CONVERSION = YES;
				CLANG_WARN_NON_LITERAL_NULL_CONVERSION = YES;
				CLANG_WARN_OBJC_IMPLICIT_RETAIN_SELF = YES;
				CLANG_WARN_OBJC_LITERAL_CONVERSION = YES;
				CLANG_WARN_OBJC_ROOT_CLASS = YES_ERROR;
				CLANG_WARN_RANGE_LOOP_ANALYSIS = YES;
				CLANG_WARN_STRICT_PROTOTYPES = YES;
				CLANG_WARN_SUSPICIOUS_MOVE = YES;
				CLANG_WARN_UNGUARDED_AVAILABILITY = YES_AGGRESSIVE;
				CLANG_WARN_UNREACHABLE_CODE = YES;
				CLANG_WARN__DUPLICATE_METHOD_MATCH = YES;
				CODE_SIGN_IDENTITY = "iPhone Developer";
				COPY_PHASE_STRIP = NO;
				DEBUG_INFORMATION_FORMAT = "dwarf-with-dsym";
				ENABLE_NS_ASSERTIONS = NO;
				ENABLE_STRICT_OBJC_MSGSEND = YES;
				GCC_C_LANGUAGE_STANDARD = gnu11;
				GCC_NO_COMMON_BLOCKS = YES;
				GCC_WARN_64_TO_32_BIT_CONVERSION = YES;
				GCC_WARN_ABOUT_RETURN_TYPE = YES_ERROR;
				GCC_WARN_UNDECLARED_SELECTOR = YES;
				GCC_WARN_UNINITIALIZED_AUTOS = YES_AGGRESSIVE;
				GCC_WARN_UNUSED_FUNCTION = YES;
				GCC_WARN_UNUSED_VARIABLE = YES;
				IPHONEOS_DEPLOYMENT_TARGET = 11.4;
				MTL_ENABLE_DEBUG_INFO = NO;
				MTL_FAST_MATH = YES;
				SDKROOT = iphoneos;
				SWIFT_COMPILATION_MODE = wholemodule;
				SWIFT_OPTIMIZATION_LEVEL = "-O";
				VALIDATE_PRODUCT = YES;
			};
			name = Release;
		};
		3D0B12672113663300AB48E6 /* Debug */ = {
			isa = XCBuildConfiguration;
			buildSettings = {
				ASSETCATALOG_COMPILER_APPICON_NAME = AppIcon;
				CODE_SIGN_STYLE = Automatic;
				DEVELOPMENT_TEAM = 5SQFG95Y4R;
				INFOPLIST_FILE = "$(SRCROOT)/Movie/Supporting Files/Info.plist";
				IPHONEOS_DEPLOYMENT_TARGET = 11.4;
				LD_RUNPATH_SEARCH_PATHS = (
					"$(inherited)",
					"@executable_path/Frameworks",
				);
				PRODUCT_BUNDLE_IDENTIFIER = com.appskc.Movie;
				PRODUCT_NAME = "$(TARGET_NAME)";
				SWIFT_VERSION = 4.2;
				TARGETED_DEVICE_FAMILY = "1,2";
			};
			name = Debug;
		};
		3D0B12682113663300AB48E6 /* Release */ = {
			isa = XCBuildConfiguration;
			buildSettings = {
				ASSETCATALOG_COMPILER_APPICON_NAME = AppIcon;
				CODE_SIGN_STYLE = Automatic;
				DEVELOPMENT_TEAM = 5SQFG95Y4R;
				INFOPLIST_FILE = "$(SRCROOT)/Movie/Supporting Files/Info.plist";
				IPHONEOS_DEPLOYMENT_TARGET = 11.4;
				LD_RUNPATH_SEARCH_PATHS = (
					"$(inherited)",
					"@executable_path/Frameworks",
				);
				PRODUCT_BUNDLE_IDENTIFIER = com.appskc.Movie;
				PRODUCT_NAME = "$(TARGET_NAME)";
				SWIFT_VERSION = 4.2;
				TARGETED_DEVICE_FAMILY = "1,2";
			};
			name = Release;
		};
/* End XCBuildConfiguration section */

/* Begin XCConfigurationList section */
		3D0B124C2113663200AB48E6 /* Build configuration list for PBXProject "Movie" */ = {
			isa = XCConfigurationList;
			buildConfigurations = (
				3D0B12642113663300AB48E6 /* Debug */,
				3D0B12652113663300AB48E6 /* Release */,
			);
			defaultConfigurationIsVisible = 0;
			defaultConfigurationName = Release;
		};
		3D0B12662113663300AB48E6 /* Build configuration list for PBXNativeTarget "Movie" */ = {
			isa = XCConfigurationList;
			buildConfigurations = (
				3D0B12672113663300AB48E6 /* Debug */,
				3D0B12682113663300AB48E6 /* Release */,
			);
			defaultConfigurationIsVisible = 0;
			defaultConfigurationName = Release;
		};
/* End XCConfigurationList section */

/* Begin XCVersionGroup section */
		3D0B125B2113663200AB48E6 /* Movie.xcdatamodeld */ = {
			isa = XCVersionGroup;
			children = (
				3D0B125C2113663200AB48E6 /* Movie.xcdatamodel */,
			);
			currentVersion = 3D0B125C2113663200AB48E6 /* Movie.xcdatamodel */;
			path = Movie.xcdatamodeld;
			sourceTree = "<group>";
			versionGroupType = wrapper.xcdatamodel;
		};
/* End XCVersionGroup section */
	};
	rootObject = 3D0B12492113663200AB48E6 /* Project object */;
}
